
Microsoft Visual Studio Solution File, Format Version 12.00
# Visual Studio 15
VisualStudioVersion = 15.0.27428.2002
MinimumVisualStudioVersion = 10.0.40219.1
Project("{FAE04EC0-301F-11D3-BF4B-00C04F79EFBC}") = "Factorizer.BLL", "Factorizer.BLL\Factorizer.BLL.csproj", "{1A708E6B-8DC6-4CEE-950D-55A4E0BFB23C}"
EndProject
Project("{FAE04EC0-301F-11D3-BF4B-00C04F79EFBC}") = "Factorizer.Tests", "Factorizer.Tests\Factorizer.Tests.csproj", "{A59636DE-2B40-4A94-AF26-49B50635E527}"
EndProject
Project("{FAE04EC0-301F-11D3-BF4B-00C04F79EFBC}") = "Factorizer.UI", "Factorizer.UI\Factorizer.UI.csproj", "{03EAE4DE-8A5A-4615-95FF-ADCB5AF67AEB}"
EndProject
Global
	GlobalSection(SolutionConfigurationPlatforms) = preSolution
		Debug|Any CPU = Debug|Any CPU
		Release|Any CPU = Release|Any CPU
	EndGlobalSection
	GlobalSection(ProjectConfigurationPlatforms) = postSolution
		{1A708E6B-8DC6-4CEE-950D-55A4E0BFB23C}.Debug|Any CPU.ActiveCfg = Debug|Any CPU
		{1A708E6B-8DC6-4CEE-950D-55A4E0BFB23C}.Debug|Any CPU.Build.0 = Debug|Any CPU
		{1A708E6B-8DC6-4CEE-950D-55A4E0BFB23C}.Release|Any CPU.ActiveCfg = Release|Any CPU
		{1A708E6B-8DC6-4CEE-950D-55A4E0BFB23C}.Release|Any CPU.Build.0 = Release|Any CPU
		{A59636DE-2B40-4A94-AF26-49B50635E527}.Debug|Any CPU.ActiveCfg = Debug|Any CPU
		{A59636DE-2B40-4A94-AF26-49B50635E527}.Debug|Any CPU.Build.0 = Debug|Any CPU
		{A59636DE-2B40-4A94-AF26-49B50635E527}.Release|Any CPU.ActiveCfg = Release|Any CPU
		{A59636DE-2B40-4A94-AF26-49B50635E527}.Release|Any CPU.Build.0 = Release|Any CPU
		{03EAE4DE-8A5A-4615-95FF-ADCB5AF67AEB}.Debug|Any CPU.ActiveCfg = Debug|Any CPU
		{03EAE4DE-8A5A-4615-95FF-ADCB5AF67AEB}.Debug|Any CPU.Build.0 = Debug|Any CPU
		{03EAE4DE-8A5A-4615-95FF-ADCB5AF67AEB}.Release|Any CPU.ActiveCfg = Release|Any CPU
		{03EAE4DE-8A5A-4615-95FF-ADCB5AF67AEB}.Release|Any CPU.Build.0 = Release|Any CPU
	EndGlobalSection
	GlobalSection(SolutionProperties) = preSolution
		HideSolutionNode = FALSE
	EndGlobalSection
	GlobalSection(ExtensibilityGlobals) = postSolution
		SolutionGuid = {7695CBF9-34F5-412D-84F1-8D81B38B2B2C}
	EndGlobalSection
EndGlobal
